// !$*UTF8*$!
{
	archiveVersion = 1;
	classes = {
	};
	objectVersion = 46;
	objects = {

/* Begin PBXBuildFile section */
		2DD8712A050DF32BD87EF011 /* libPods-MultipleTarget copy.a in Frameworks */ = {isa = PBXBuildFile; fileRef = 274991225AD44276FE43DFA0 /* libPods-MultipleTarget copy.a */; };
		397757541EA3220B00383084 /* main.m in Sources */ = {isa = PBXBuildFile; fileRef = 397757531EA3220B00383084 /* main.m */; };
		397757571EA3220B00383084 /* AppDelegate.m in Sources */ = {isa = PBXBuildFile; fileRef = 397757561EA3220B00383084 /* AppDelegate.m */; };
		3977575A1EA3220B00383084 /* ViewController.m in Sources */ = {isa = PBXBuildFile; fileRef = 397757591EA3220B00383084 /* ViewController.m */; };
		3977575D1EA3220B00383084 /* Main.storyboard in Resources */ = {isa = PBXBuildFile; fileRef = 3977575B1EA3220B00383084 /* Main.storyboard */; };
		3977575F1EA3220B00383084 /* Assets.xcassets in Resources */ = {isa = PBXBuildFile; fileRef = 3977575E1EA3220B00383084 /* Assets.xcassets */; };
		397757621EA3220B00383084 /* LaunchScreen.storyboard in Resources */ = {isa = PBXBuildFile; fileRef = 397757601EA3220B00383084 /* LaunchScreen.storyboard */; };
		3977576D1EA3220B00383084 /* MultipleTargetTests.m in Sources */ = {isa = PBXBuildFile; fileRef = 3977576C1EA3220B00383084 /* MultipleTargetTests.m */; };
		397757781EA3220B00383084 /* MultipleTargetUITests.m in Sources */ = {isa = PBXBuildFile; fileRef = 397757771EA3220B00383084 /* MultipleTargetUITests.m */; };
		397757871EA3222400383084 /* ViewController.m in Sources */ = {isa = PBXBuildFile; fileRef = 397757591EA3220B00383084 /* ViewController.m */; };
		397757881EA3222400383084 /* AppDelegate.m in Sources */ = {isa = PBXBuildFile; fileRef = 397757561EA3220B00383084 /* AppDelegate.m */; };
		397757891EA3222400383084 /* main.m in Sources */ = {isa = PBXBuildFile; fileRef = 397757531EA3220B00383084 /* main.m */; };
		3977578C1EA3222400383084 /* LaunchScreen.storyboard in Resources */ = {isa = PBXBuildFile; fileRef = 397757601EA3220B00383084 /* LaunchScreen.storyboard */; };
		3977578D1EA3222400383084 /* Assets.xcassets in Resources */ = {isa = PBXBuildFile; fileRef = 3977575E1EA3220B00383084 /* Assets.xcassets */; };
		3977578E1EA3222400383084 /* Main.storyboard in Resources */ = {isa = PBXBuildFile; fileRef = 3977575B1EA3220B00383084 /* Main.storyboard */; };
		397757951EA3226A00383084 /* Media.xcassets in Resources */ = {isa = PBXBuildFile; fileRef = 397757941EA3226A00383084 /* Media.xcassets */; };
		397757981EA322AB00383084 /* Media.xcassets in Resources */ = {isa = PBXBuildFile; fileRef = 397757961EA3229500383084 /* Media.xcassets */; };
		C328602B339893573DA91A6B /* libPods-MultipleTarget.a in Frameworks */ = {isa = PBXBuildFile; fileRef = 15A49E68189ED1D18A90391C /* libPods-MultipleTarget.a */; };
/* End PBXBuildFile section */

/* Begin PBXContainerItemProxy section */
		397757691EA3220B00383084 /* PBXContainerItemProxy */ = {
			isa = PBXContainerItemProxy;
			containerPortal = 397757471EA3220B00383084 /* Project object */;
			proxyType = 1;
			remoteGlobalIDString = 3977574E1EA3220B00383084;
			remoteInfo = MultipleTarget;
		};
		397757741EA3220B00383084 /* PBXContainerItemProxy */ = {
			isa = PBXContainerItemProxy;
			containerPortal = 397757471EA3220B00383084 /* Project object */;
			proxyType = 1;
			remoteGlobalIDString = 3977574E1EA3220B00383084;
			remoteInfo = MultipleTarget;
		};
/* End PBXContainerItemProxy section */

/* Begin PBXFileReference section */
		0859FD4E50E320BD0858C76A /* Pods-MultipleTarget.release.xcconfig */ = {isa = PBXFileReference; includeInIndex = 1; lastKnownFileType = text.xcconfig; name = "Pods-MultipleTarget.release.xcconfig"; path = "Pods/Target Support Files/Pods-MultipleTarget/Pods-MultipleTarget.release.xcconfig"; sourceTree = "<group>"; };
		15A49E68189ED1D18A90391C /* libPods-MultipleTarget.a */ = {isa = PBXFileReference; explicitFileType = archive.ar; includeInIndex = 0; path = "libPods-MultipleTarget.a"; sourceTree = BUILT_PRODUCTS_DIR; };
		274991225AD44276FE43DFA0 /* libPods-MultipleTarget copy.a */ = {isa = PBXFileReference; explicitFileType = archive.ar; includeInIndex = 0; path = "libPods-MultipleTarget copy.a"; sourceTree = BUILT_PRODUCTS_DIR; };
		3834DE5380E95F29D13F44B9 /* Pods-MultipleTarget copy.release.xcconfig */ = {isa = PBXFileReference; includeInIndex = 1; lastKnownFileType = text.xcconfig; name = "Pods-MultipleTarget copy.release.xcconfig"; path = "Pods/Target Support Files/Pods-MultipleTarget copy/Pods-MultipleTarget copy.release.xcconfig"; sourceTree = "<group>"; };
		3977574F1EA3220B00383084 /* MultipleTarget.app */ = {isa = PBXFileReference; explicitFileType = wrapper.application; includeInIndex = 0; path = MultipleTarget.app; sourceTree = BUILT_PRODUCTS_DIR; };
		397757531EA3220B00383084 /* main.m */ = {isa = PBXFileReference; lastKnownFileType = sourcecode.c.objc; path = main.m; sourceTree = "<group>"; };
		397757551EA3220B00383084 /* AppDelegate.h */ = {isa = PBXFileReference; lastKnownFileType = sourcecode.c.h; path = AppDelegate.h; sourceTree = "<group>"; };
		397757561EA3220B00383084 /* AppDelegate.m */ = {isa = PBXFileReference; lastKnownFileType = sourcecode.c.objc; path = AppDelegate.m; sourceTree = "<group>"; };
		397757581EA3220B00383084 /* ViewController.h */ = {isa = PBXFileReference; lastKnownFileType = sourcecode.c.h; path = ViewController.h; sourceTree = "<group>"; };
		397757591EA3220B00383084 /* ViewController.m */ = {isa = PBXFileReference; lastKnownFileType = sourcecode.c.objc; path = ViewController.m; sourceTree = "<group>"; };
		3977575C1EA3220B00383084 /* Base */ = {isa = PBXFileReference; lastKnownFileType = file.storyboard; name = Base; path = Base.lproj/Main.storyboard; sourceTree = "<group>"; };
		3977575E1EA3220B00383084 /* Assets.xcassets */ = {isa = PBXFileReference; lastKnownFileType = folder.assetcatalog; path = Assets.xcassets; sourceTree = "<group>"; };
		397757611EA3220B00383084 /* Base */ = {isa = PBXFileReference; lastKnownFileType = file.storyboard; name = Base; path = Base.lproj/LaunchScreen.storyboard; sourceTree = "<group>"; };
		397757631EA3220B00383084 /* Info.plist */ = {isa = PBXFileReference; lastKnownFileType = text.plist.xml; path = Info.plist; sourceTree = "<group>"; };
		397757681EA3220B00383084 /* MultipleTargetTests.xctest */ = {isa = PBXFileReference; explicitFileType = wrapper.cfbundle; includeInIndex = 0; path = MultipleTargetTests.xctest; sourceTree = BUILT_PRODUCTS_DIR; };
		3977576C1EA3220B00383084 /* MultipleTargetTests.m */ = {isa = PBXFileReference; lastKnownFileType = sourcecode.c.objc; path = MultipleTargetTests.m; sourceTree = "<group>"; };
		3977576E1EA3220B00383084 /* Info.plist */ = {isa = PBXFileReference; lastKnownFileType = text.plist.xml; path = Info.plist; sourceTree = "<group>"; };
		397757731EA3220B00383084 /* MultipleTargetUITests.xctest */ = {isa = PBXFileReference; explicitFileType = wrapper.cfbundle; includeInIndex = 0; path = MultipleTargetUITests.xctest; sourceTree = BUILT_PRODUCTS_DIR; };
		397757771EA3220B00383084 /* MultipleTargetUITests.m */ = {isa = PBXFileReference; lastKnownFileType = sourcecode.c.objc; path = MultipleTargetUITests.m; sourceTree = "<group>"; };
		397757791EA3220B00383084 /* Info.plist */ = {isa = PBXFileReference; lastKnownFileType = text.plist.xml; path = Info.plist; sourceTree = "<group>"; };
		397757921EA3222400383084 /* MultipleTarget copy.app */ = {isa = PBXFileReference; explicitFileType = wrapper.application; includeInIndex = 0; path = "MultipleTarget copy.app"; sourceTree = BUILT_PRODUCTS_DIR; };
		397757931EA3222400383084 /* MultipleTarget copy-Info.plist */ = {isa = PBXFileReference; lastKnownFileType = text.plist.xml; name = "MultipleTarget copy-Info.plist"; path = "/Users/yleaf/Desktop/MultipleTarget/MultipleTarget copy-Info.plist"; sourceTree = "<absolute>"; };
		397757941EA3226A00383084 /* Media.xcassets */ = {isa = PBXFileReference; lastKnownFileType = folder.assetcatalog; path = Media.xcassets; sourceTree = "<group>"; };
		397757961EA3229500383084 /* Media.xcassets */ = {isa = PBXFileReference; lastKnownFileType = folder.assetcatalog; name = Media.xcassets; path = TargetTwo/Media.xcassets; sourceTree = "<group>"; };
		6FE4F1D83B154C2C35BA7188 /* Pods-MultipleTarget.debug.xcconfig */ = {isa = PBXFileReference; includeInIndex = 1; lastKnownFileType = text.xcconfig; name = "Pods-MultipleTarget.debug.xcconfig"; path = "Pods/Target Support Files/Pods-MultipleTarget/Pods-MultipleTarget.debug.xcconfig"; sourceTree = "<group>"; };
		F3DDC78B7ECE42A136050F76 /* Pods-MultipleTarget copy.debug.xcconfig */ = {isa = PBXFileReference; includeInIndex = 1; lastKnownFileType = text.xcconfig; name = "Pods-MultipleTarget copy.debug.xcconfig"; path = "Pods/Target Support Files/Pods-MultipleTarget copy/Pods-MultipleTarget copy.debug.xcconfig"; sourceTree = "<group>"; };
/* End PBXFileReference section */

/* Begin PBXFrameworksBuildPhase section */
		3977574C1EA3220B00383084 /* Frameworks */ = {
			isa = PBXFrameworksBuildPhase;
			buildActionMask = 2147483647;
			files = (
				C328602B339893573DA91A6B /* libPods-MultipleTarget.a in Frameworks */,
			);
			runOnlyForDeploymentPostprocessing = 0;
		};
		397757651EA3220B00383084 /* Frameworks */ = {
			isa = PBXFrameworksBuildPhase;
			buildActionMask = 2147483647;
			files = (
			);
			runOnlyForDeploymentPostprocessing = 0;
		};
		397757701EA3220B00383084 /* Frameworks */ = {
			isa = PBXFrameworksBuildPhase;
			buildActionMask = 2147483647;
			files = (
			);
			runOnlyForDeploymentPostprocessing = 0;
		};
		3977578A1EA3222400383084 /* Frameworks */ = {
			isa = PBXFrameworksBuildPhase;
			buildActionMask = 2147483647;
			files = (
				2DD8712A050DF32BD87EF011 /* libPods-MultipleTarget copy.a in Frameworks */,
			);
			runOnlyForDeploymentPostprocessing = 0;
		};
/* End PBXFrameworksBuildPhase section */

/* Begin PBXGroup section */
		379BD4E618A032EE139EACBF /* Frameworks */ = {
			isa = PBXGroup;
			children = (
				15A49E68189ED1D18A90391C /* libPods-MultipleTarget.a */,
				274991225AD44276FE43DFA0 /* libPods-MultipleTarget copy.a */,
			);
			name = Frameworks;
			sourceTree = "<group>";
		};
		397757461EA3220B00383084 = {
			isa = PBXGroup;
			children = (
				397757511EA3220B00383084 /* MultipleTarget */,
				3977576B1EA3220B00383084 /* MultipleTargetTests */,
				397757761EA3220B00383084 /* MultipleTargetUITests */,
				397757501EA3220B00383084 /* Products */,
				397757931EA3222400383084 /* MultipleTarget copy-Info.plist */,
				AA93045AB98F4298B960D056 /* Pods */,
				379BD4E618A032EE139EACBF /* Frameworks */,
			);
			sourceTree = "<group>";
		};
		397757501EA3220B00383084 /* Products */ = {
			isa = PBXGroup;
			children = (
				3977574F1EA3220B00383084 /* MultipleTarget.app */,
				397757681EA3220B00383084 /* MultipleTargetTests.xctest */,
				397757731EA3220B00383084 /* MultipleTargetUITests.xctest */,
				397757921EA3222400383084 /* MultipleTarget copy.app */,
			);
			name = Products;
			sourceTree = "<group>";
		};
		397757511EA3220B00383084 /* MultipleTarget */ = {
			isa = PBXGroup;
			children = (
				397757551EA3220B00383084 /* AppDelegate.h */,
				397757561EA3220B00383084 /* AppDelegate.m */,
				397757581EA3220B00383084 /* ViewController.h */,
				397757591EA3220B00383084 /* ViewController.m */,
				3977575B1EA3220B00383084 /* Main.storyboard */,
				3977575E1EA3220B00383084 /* Assets.xcassets */,
				397757601EA3220B00383084 /* LaunchScreen.storyboard */,
				397757631EA3220B00383084 /* Info.plist */,
				397757521EA3220B00383084 /* Supporting Files */,
			);
			path = MultipleTarget;
			sourceTree = "<group>";
		};
		397757521EA3220B00383084 /* Supporting Files */ = {
			isa = PBXGroup;
			children = (
				397757941EA3226A00383084 /* Media.xcassets */,
				397757961EA3229500383084 /* Media.xcassets */,
				397757531EA3220B00383084 /* main.m */,
			);
			name = "Supporting Files";
			sourceTree = "<group>";
		};
		3977576B1EA3220B00383084 /* MultipleTargetTests */ = {
			isa = PBXGroup;
			children = (
				3977576C1EA3220B00383084 /* MultipleTargetTests.m */,
				3977576E1EA3220B00383084 /* Info.plist */,
			);
			path = MultipleTargetTests;
			sourceTree = "<group>";
		};
		397757761EA3220B00383084 /* MultipleTargetUITests */ = {
			isa = PBXGroup;
			children = (
				397757771EA3220B00383084 /* MultipleTargetUITests.m */,
				397757791EA3220B00383084 /* Info.plist */,
			);
			path = MultipleTargetUITests;
			sourceTree = "<group>";
		};
		AA93045AB98F4298B960D056 /* Pods */ = {
			isa = PBXGroup;
			children = (
				6FE4F1D83B154C2C35BA7188 /* Pods-MultipleTarget.debug.xcconfig */,
				0859FD4E50E320BD0858C76A /* Pods-MultipleTarget.release.xcconfig */,
				F3DDC78B7ECE42A136050F76 /* Pods-MultipleTarget copy.debug.xcconfig */,
				3834DE5380E95F29D13F44B9 /* Pods-MultipleTarget copy.release.xcconfig */,
			);
			name = Pods;
			sourceTree = "<group>";
		};
/* End PBXGroup section */

/* Begin PBXNativeTarget section */
		3977574E1EA3220B00383084 /* MultipleTarget */ = {
			isa = PBXNativeTarget;
			buildConfigurationList = 3977577C1EA3220B00383084 /* Build configuration list for PBXNativeTarget "MultipleTarget" */;
			buildPhases = (
				1EC3823F49F8B2C4177BB1D3 /* [CP] Check Pods Manifest.lock */,
				3977574B1EA3220B00383084 /* Sources */,
				3977574C1EA3220B00383084 /* Frameworks */,
				3977574D1EA3220B00383084 /* Resources */,
				A0C6A68A0DDB6BF0EDAD7007 /* [CP] Embed Pods Frameworks */,
				09096944650FFB535D7D9CED /* [CP] Copy Pods Resources */,
			);
			buildRules = (
			);
			dependencies = (
			);
			name = MultipleTarget;
			productName = MultipleTarget;
			productReference = 3977574F1EA3220B00383084 /* MultipleTarget.app */;
			productType = "com.apple.product-type.application";
		};
		397757671EA3220B00383084 /* MultipleTargetTests */ = {
			isa = PBXNativeTarget;
			buildConfigurationList = 3977577F1EA3220B00383084 /* Build configuration list for PBXNativeTarget "MultipleTargetTests" */;
			buildPhases = (
				397757641EA3220B00383084 /* Sources */,
				397757651EA3220B00383084 /* Frameworks */,
				397757661EA3220B00383084 /* Resources */,
			);
			buildRules = (
			);
			dependencies = (
				3977576A1EA3220B00383084 /* PBXTargetDependency */,
			);
			name = MultipleTargetTests;
			productName = MultipleTargetTests;
			productReference = 397757681EA3220B00383084 /* MultipleTargetTests.xctest */;
			productType = "com.apple.product-type.bundle.unit-test";
		};
		397757721EA3220B00383084 /* MultipleTargetUITests */ = {
			isa = PBXNativeTarget;
			buildConfigurationList = 397757821EA3220B00383084 /* Build configuration list for PBXNativeTarget "MultipleTargetUITests" */;
			buildPhases = (
				3977576F1EA3220B00383084 /* Sources */,
				397757701EA3220B00383084 /* Frameworks */,
				397757711EA3220B00383084 /* Resources */,
			);
			buildRules = (
			);
			dependencies = (
				397757751EA3220B00383084 /* PBXTargetDependency */,
			);
			name = MultipleTargetUITests;
			productName = MultipleTargetUITests;
			productReference = 397757731EA3220B00383084 /* MultipleTargetUITests.xctest */;
			productType = "com.apple.product-type.bundle.ui-testing";
		};
		397757851EA3222400383084 /* MultipleTarget copy */ = {
			isa = PBXNativeTarget;
			buildConfigurationList = 3977578F1EA3222400383084 /* Build configuration list for PBXNativeTarget "MultipleTarget copy" */;
			buildPhases = (
				CE7A6F9D34803877794516BC /* [CP] Check Pods Manifest.lock */,
				397757861EA3222400383084 /* Sources */,
				3977578A1EA3222400383084 /* Frameworks */,
				3977578B1EA3222400383084 /* Resources */,
				3A3113C41CF5325E9D9D80DF /* [CP] Embed Pods Frameworks */,
				FB79B656E501DF02C32516BF /* [CP] Copy Pods Resources */,
			);
			buildRules = (
			);
			dependencies = (
			);
			name = "MultipleTarget copy";
			productName = MultipleTarget;
			productReference = 397757921EA3222400383084 /* MultipleTarget copy.app */;
			productType = "com.apple.product-type.application";
		};
/* End PBXNativeTarget section */

/* Begin PBXProject section */
		397757471EA3220B00383084 /* Project object */ = {
			isa = PBXProject;
			attributes = {
				LastUpgradeCheck = 0820;
				ORGANIZATIONNAME = yleaf;
				TargetAttributes = {
					3977574E1EA3220B00383084 = {
						CreatedOnToolsVersion = 8.2.1;
						DevelopmentTeam = NVV3VGDMQW;
						ProvisioningStyle = Automatic;
					};
					397757671EA3220B00383084 = {
						CreatedOnToolsVersion = 8.2.1;
						DevelopmentTeam = NVV3VGDMQW;
						ProvisioningStyle = Automatic;
						TestTargetID = 3977574E1EA3220B00383084;
					};
					397757721EA3220B00383084 = {
						CreatedOnToolsVersion = 8.2.1;
						DevelopmentTeam = NVV3VGDMQW;
						ProvisioningStyle = Automatic;
						TestTargetID = 3977574E1EA3220B00383084;
					};
					397757851EA3222400383084 = {
						DevelopmentTeam = NVV3VGDMQW;
					};
				};
			};
			buildConfigurationList = 3977574A1EA3220B00383084 /* Build configuration list for PBXProject "MultipleTarget" */;
			compatibilityVersion = "Xcode 3.2";
			developmentRegion = English;
			hasScannedForEncodings = 0;
			knownRegions = (
				en,
				Base,
			);
			mainGroup = 397757461EA3220B00383084;
			productRefGroup = 397757501EA3220B00383084 /* Products */;
			projectDirPath = "";
			projectRoot = "";
			targets = (
				3977574E1EA3220B00383084 /* MultipleTarget */,
				397757671EA3220B00383084 /* MultipleTargetTests */,
				397757721EA3220B00383084 /* MultipleTargetUITests */,
				397757851EA3222400383084 /* MultipleTarget copy */,
			);
		};
/* End PBXProject section */

/* Begin PBXResourcesBuildPhase section */
		3977574D1EA3220B00383084 /* Resources */ = {
			isa = PBXResourcesBuildPhase;
			buildActionMask = 2147483647;
			files = (
				397757621EA3220B00383084 /* LaunchScreen.storyboard in Resources */,
				3977575F1EA3220B00383084 /* Assets.xcassets in Resources */,
				397757951EA3226A00383084 /* Media.xcassets in Resources */,
				3977575D1EA3220B00383084 /* Main.storyboard in Resources */,
			);
			runOnlyForDeploymentPostprocessing = 0;
		};
		397757661EA3220B00383084 /* Resources */ = {
			isa = PBXResourcesBuildPhase;
			buildActionMask = 2147483647;
			files = (
			);
			runOnlyForDeploymentPostprocessing = 0;
		};
		397757711EA3220B00383084 /* Resources */ = {
			isa = PBXResourcesBuildPhase;
			buildActionMask = 2147483647;
			files = (
			);
			runOnlyForDeploymentPostprocessing = 0;
		};
		3977578B1EA3222400383084 /* Resources */ = {
			isa = PBXResourcesBuildPhase;
			buildActionMask = 2147483647;
			files = (
				3977578C1EA3222400383084 /* LaunchScreen.storyboard in Resources */,
				3977578D1EA3222400383084 /* Assets.xcassets in Resources */,
				397757981EA322AB00383084 /* Media.xcassets in Resources */,
				3977578E1EA3222400383084 /* Main.storyboard in Resources */,
			);
			runOnlyForDeploymentPostprocessing = 0;
		};
/* End PBXResourcesBuildPhase section */

/* Begin PBXShellScriptBuildPhase section */
		09096944650FFB535D7D9CED /* [CP] Copy Pods Resources */ = {
			isa = PBXShellScriptBuildPhase;
			buildActionMask = 2147483647;
			files = (
			);
			inputPaths = (
			);
			name = "[CP] Copy Pods Resources";
			outputPaths = (
			);
			runOnlyForDeploymentPostprocessing = 0;
			shellPath = /bin/sh;
			shellScript = "\"${SRCROOT}/Pods/Target Support Files/Pods-MultipleTarget/Pods-MultipleTarget-resources.sh\"\n";
			showEnvVarsInLog = 0;
		};
		1EC3823F49F8B2C4177BB1D3 /* [CP] Check Pods Manifest.lock */ = {
			isa = PBXShellScriptBuildPhase;
			buildActionMask = 2147483647;
			files = (
			);
			inputPaths = (
			);
			name = "[CP] Check Pods Manifest.lock";
			outputPaths = (
			);
			runOnlyForDeploymentPostprocessing = 0;
			shellPath = /bin/sh;
			shellScript = "diff \"${PODS_ROOT}/../Podfile.lock\" \"${PODS_ROOT}/Manifest.lock\" > /dev/null\nif [ $? != 0 ] ; then\n    # print error to STDERR\n    echo \"error: The sandbox is not in sync with the Podfile.lock. Run 'pod install' or update your CocoaPods installation.\" >&2\n    exit 1\nfi\n";
			showEnvVarsInLog = 0;
		};
		3A3113C41CF5325E9D9D80DF /* [CP] Embed Pods Frameworks */ = {
			isa = PBXShellScriptBuildPhase;
			buildActionMask = 2147483647;
			files = (
			);
			inputPaths = (
			);
			name = "[CP] Embed Pods Frameworks";
			outputPaths = (
			);
			runOnlyForDeploymentPostprocessing = 0;
			shellPath = /bin/sh;
			shellScript = "\"${SRCROOT}/Pods/Target Support Files/Pods-MultipleTarget copy/Pods-MultipleTarget copy-frameworks.sh\"\n";
			showEnvVarsInLog = 0;
		};
		A0C6A68A0DDB6BF0EDAD7007 /* [CP] Embed Pods Frameworks */ = {
			isa = PBXShellScriptBuildPhase;
			buildActionMask = 2147483647;
			files = (
			);
			inputPaths = (
			);
			name = "[CP] Embed Pods Frameworks";
			outputPaths = (
			);
			runOnlyForDeploymentPostprocessing = 0;
			shellPath = /bin/sh;
			shellScript = "\"${SRCROOT}/Pods/Target Support Files/Pods-MultipleTarget/Pods-MultipleTarget-frameworks.sh\"\n";
			showEnvVarsInLog = 0;
		};
		CE7A6F9D34803877794516BC /* [CP] Check Pods Manifest.lock */ = {
			isa = PBXShellScriptBuildPhase;
			buildActionMask = 2147483647;
			files = (
			);
			inputPaths = (
			);
			name = "[CP] Check Pods Manifest.lock";
			outputPaths = (
			);
			runOnlyForDeploymentPostprocessing = 0;
			shellPath = /bin/sh;
			shellScript = "diff \"${PODS_ROOT}/../Podfile.lock\" \"${PODS_ROOT}/Manifest.lock\" > /dev/null\nif [ $? != 0 ] ; then\n    # print error to STDERR\n    echo \"error: The sandbox is not in sync with the Podfile.lock. Run 'pod install' or update your CocoaPods installation.\" >&2\n    exit 1\nfi\n";
			showEnvVarsInLog = 0;
		};
		FB79B656E501DF02C32516BF /* [CP] Copy Pods Resources */ = {
			isa = PBXShellScriptBuildPhase;
			buildActionMask = 2147483647;
			files = (
			);
			inputPaths = (
			);
			name = "[CP] Copy Pods Resources";
			outputPaths = (
			);
			runOnlyForDeploymentPostprocessing = 0;
			shellPath = /bin/sh;
			shellScript = "\"${SRCROOT}/Pods/Target Support Files/Pods-MultipleTarget copy/Pods-MultipleTarget copy-resources.sh\"\n";
			showEnvVarsInLog = 0;
		};
/* End PBXShellScriptBuildPhase section */

/* Begin PBXSourcesBuildPhase section */
		3977574B1EA3220B00383084 /* Sources */ = {
			isa = PBXSourcesBuildPhase;
			buildActionMask = 2147483647;
			files = (
				3977575A1EA3220B00383084 /* ViewController.m in Sources */,
				397757571EA3220B00383084 /* AppDelegate.m in Sources */,
				397757541EA3220B00383084 /* main.m in Sources */,
			);
			runOnlyForDeploymentPostprocessing = 0;
		};
		397757641EA3220B00383084 /* Sources */ = {
			isa = PBXSourcesBuildPhase;
			buildActionMask = 2147483647;
			files = (
				3977576D1EA3220B00383084 /* MultipleTargetTests.m in Sources */,
			);
			runOnlyForDeploymentPostprocessing = 0;
		};
		3977576F1EA3220B00383084 /* Sources */ = {
			isa = PBXSourcesBuildPhase;
			buildActionMask = 2147483647;
			files = (
				397757781EA3220B00383084 /* MultipleTargetUITests.m in Sources */,
			);
			runOnlyForDeploymentPostprocessing = 0;
		};
		397757861EA3222400383084 /* Sources */ = {
			isa = PBXSourcesBuildPhase;
			buildActionMask = 2147483647;
			files = (
				397757871EA3222400383084 /* ViewController.m in Sources */,
				397757881EA3222400383084 /* AppDelegate.m in Sources */,
				397757891EA3222400383084 /* main.m in Sources */,
			);
			runOnlyForDeploymentPostprocessing = 0;
		};
/* End PBXSourcesBuildPhase section */

/* Begin PBXTargetDependency section */
		3977576A1EA3220B00383084 /* PBXTargetDependency */ = {
			isa = PBXTargetDependency;
			target = 3977574E1EA3220B00383084 /* MultipleTarget */;
			targetProxy = 397757691EA3220B00383084 /* PBXContainerItemProxy */;
		};
		397757751EA3220B00383084 /* PBXTargetDependency */ = {
			isa = PBXTargetDependency;
			target = 3977574E1EA3220B00383084 /* MultipleTarget */;
			targetProxy = 397757741EA3220B00383084 /* PBXContainerItemProxy */;
		};
/* End PBXTargetDependency section */

/* Begin PBXVariantGroup section */
		3977575B1EA3220B00383084 /* Main.storyboard */ = {
			isa = PBXVariantGroup;
			children = (
				3977575C1EA3220B00383084 /* Base */,
			);
			name = Main.storyboard;
			sourceTree = "<group>";
		};
		397757601EA3220B00383084 /* LaunchScreen.storyboard */ = {
			isa = PBXVariantGroup;
			children = (
				397757611EA3220B00383084 /* Base */,
			);
			name = LaunchScreen.storyboard;
			sourceTree = "<group>";
		};
/* End PBXVariantGroup section */

/* Begin XCBuildConfiguration section */
		3977577A1EA3220B00383084 /* Debug */ = {
			isa = XCBuildConfiguration;
			buildSettings = {
				ALWAYS_SEARCH_USER_PATHS = NO;
				CLANG_ANALYZER_NONNULL = YES;
				CLANG_CXX_LANGUAGE_STANDARD = "gnu++0x";
				CLANG_CXX_LIBRARY = "libc++";
				CLANG_ENABLE_MODULES = YES;
				CLANG_ENABLE_OBJC_ARC = YES;
				CLANG_WARN_BOOL_CONVERSION = YES;
				CLANG_WARN_CONSTANT_CONVERSION = YES;
				CLANG_WARN_DIRECT_OBJC_ISA_USAGE = YES_ERROR;
				CLANG_WARN_DOCUMENTATION_COMMENTS = YES;
				CLANG_WARN_EMPTY_BODY = YES;
				CLANG_WARN_ENUM_CONVERSION = YES;
				CLANG_WARN_INFINITE_RECURSION = YES;
				CLANG_WARN_INT_CONVERSION = YES;
				CLANG_WARN_OBJC_ROOT_CLASS = YES_ERROR;
				CLANG_WARN_SUSPICIOUS_MOVE = YES;
				CLANG_WARN_UNREACHABLE_CODE = YES;
				CLANG_WARN__DUPLICATE_METHOD_MATCH = YES;
				"CODE_SIGN_IDENTITY[sdk=iphoneos*]" = "iPhone Developer";
				COPY_PHASE_STRIP = NO;
				DEBUG_INFORMATION_FORMAT = dwarf;
				ENABLE_STRICT_OBJC_MSGSEND = YES;
				ENABLE_TESTABILITY = YES;
				GCC_C_LANGUAGE_STANDARD = gnu99;
				GCC_DYNAMIC_NO_PIC = NO;
				GCC_NO_COMMON_BLOCKS = YES;
				GCC_OPTIMIZATION_LEVEL = 0;
				GCC_PREPROCESSOR_DEFINITIONS = (
					"DEBUG=1",
					"$(inherited)",
				);
				GCC_WARN_64_TO_32_BIT_CONVERSION = YES;
				GCC_WARN_ABOUT_RETURN_TYPE = YES_ERROR;
				GCC_WARN_UNDECLARED_SELECTOR = YES;
				GCC_WARN_UNINITIALIZED_AUTOS = YES_AGGRESSIVE;
				GCC_WARN_UNUSED_FUNCTION = YES;
				GCC_WARN_UNUSED_VARIABLE = YES;
				IPHONEOS_DEPLOYMENT_TARGET = 10.2;
				MTL_ENABLE_DEBUG_INFO = YES;
				ONLY_ACTIVE_ARCH = YES;
				SDKROOT = iphoneos;
			};
			name = Debug;
		};
		3977577B1EA3220B00383084 /* Release */ = {
			isa = XCBuildConfiguration;
			buildSettings = {
				ALWAYS_SEARCH_USER_PATHS = NO;
				CLANG_ANALYZER_NONNULL = YES;
				CLANG_CXX_LANGUAGE_STANDARD = "gnu++0x";
				CLANG_CXX_LIBRARY = "libc++";
				CLANG_ENABLE_MODULES = YES;
				CLANG_ENABLE_OBJC_ARC = YES;
				CLANG_WARN_BOOL_CONVERSION = YES;
				CLANG_WARN_CONSTANT_CONVERSION = YES;
				CLANG_WARN_DIRECT_OBJC_ISA_USAGE = YES_ERROR;
				CLANG_WARN_DOCUMENTATION_COMMENTS = YES;
				CLANG_WARN_EMPTY_BODY = YES;
				CLANG_WARN_ENUM_CONVERSION = YES;
				CLANG_WARN_INFINITE_RECURSION = YES;
				CLANG_WARN_INT_CONVERSION = YES;
				CLANG_WARN_OBJC_ROOT_CLASS = YES_ERROR;
				CLANG_WARN_SUSPICIOUS_MOVE = YES;
				CLANG_WARN_UNREACHABLE_CODE = YES;
				CLANG_WARN__DUPLICATE_METHOD_MATCH = YES;
				"CODE_SIGN_IDENTITY[sdk=iphoneos*]" = "iPhone Developer";
				COPY_PHASE_STRIP = NO;
				DEBUG_INFORMATION_FORMAT = "dwarf-with-dsym";
				ENABLE_NS_ASSERTIONS = NO;
				ENABLE_STRICT_OBJC_MSGSEND = YES;
				GCC_C_LANGUAGE_STANDARD = gnu99;
				GCC_NO_COMMON_BLOCKS = YES;
				GCC_WARN_64_TO_32_BIT_CONVERSION = YES;
				GCC_WARN_ABOUT_RETURN_TYPE = YES_ERROR;
				GCC_WARN_UNDECLARED_SELECTOR = YES;
				GCC_WARN_UNINITIALIZED_AUTOS = YES_AGGRESSIVE;
				GCC_WARN_UNUSED_FUNCTION = YES;
				GCC_WARN_UNUSED_VARIABLE = YES;
				IPHONEOS_DEPLOYMENT_TARGET = 10.2;
				MTL_ENABLE_DEBUG_INFO = NO;
				SDKROOT = iphoneos;
				VALIDATE_PRODUCT = YES;
			};
			name = Release;
		};
		3977577D1EA3220B00383084 /* Debug */ = {
			isa = XCBuildConfiguration;
			baseConfigurationReference = 6FE4F1D83B154C2C35BA7188 /* Pods-MultipleTarget.debug.xcconfig */;
			buildSettings = {
				ASSETCATALOG_COMPILER_APPICON_NAME = AppIcon;
				DEVELOPMENT_TEAM = NVV3VGDMQW;
				INFOPLIST_FILE = MultipleTarget/Info.plist;
				LD_RUNPATH_SEARCH_PATHS = "$(inherited) @executable_path/Frameworks";
				PRODUCT_BUNDLE_IDENTIFIER = yf.MultipleTargetOne;
				PRODUCT_NAME = "$(TARGET_NAME)";
			};
			name = Debug;
		};
		3977577E1EA3220B00383084 /* Release */ = {
			isa = XCBuildConfiguration;
			baseConfigurationReference = 0859FD4E50E320BD0858C76A /* Pods-MultipleTarget.release.xcconfig */;
			buildSettings = {
				ASSETCATALOG_COMPILER_APPICON_NAME = AppIcon;
				DEVELOPMENT_TEAM = NVV3VGDMQW;
				INFOPLIST_FILE = MultipleTarget/Info.plist;
				LD_RUNPATH_SEARCH_PATHS = "$(inherited) @executable_path/Frameworks";
				PRODUCT_BUNDLE_IDENTIFIER = yf.MultipleTargetOne;
				PRODUCT_NAME = "$(TARGET_NAME)";
			};
			name = Release;
		};
		397757801EA3220B00383084 /* Debug */ = {
			isa = XCBuildConfiguration;
			buildSettings = {
				BUNDLE_LOADER = "$(TEST_HOST)";
				DEVELOPMENT_TEAM = NVV3VGDMQW;
				INFOPLIST_FILE = MultipleTargetTests/Info.plist;
				LD_RUNPATH_SEARCH_PATHS = "$(inherited) @executable_path/Frameworks @loader_path/Frameworks";
				PRODUCT_BUNDLE_IDENTIFIER = yf.MultipleTargetTests;
				PRODUCT_NAME = "$(TARGET_NAME)";
				TEST_HOST = "$(BUILT_PRODUCTS_DIR)/MultipleTarget.app/MultipleTarget";
			};
			name = Debug;
		};
		397757811EA3220B00383084 /* Release */ = {
			isa = XCBuildConfiguration;
			buildSettings = {
				BUNDLE_LOADER = "$(TEST_HOST)";
				DEVELOPMENT_TEAM = NVV3VGDMQW;
				INFOPLIST_FILE = MultipleTargetTests/Info.plist;
				LD_RUNPATH_SEARCH_PATHS = "$(inherited) @executable_path/Frameworks @loader_path/Frameworks";
				PRODUCT_BUNDLE_IDENTIFIER = yf.MultipleTargetTests;
				PRODUCT_NAME = "$(TARGET_NAME)";
				TEST_HOST = "$(BUILT_PRODUCTS_DIR)/MultipleTarget.app/MultipleTarget";
			};
			name = Release;
		};
		397757831EA3220B00383084 /* Debug */ = {
			isa = XCBuildConfiguration;
			buildSettings = {
				DEVELOPMENT_TEAM = NVV3VGDMQW;
				INFOPLIST_FILE = MultipleTargetUITests/Info.plist;
				LD_RUNPATH_SEARCH_PATHS = "$(inherited) @executable_path/Frameworks @loader_path/Frameworks";
				PRODUCT_BUNDLE_IDENTIFIER = yf.MultipleTargetUITests;
				PRODUCT_NAME = "$(TARGET_NAME)";
				TEST_TARGET_NAME = MultipleTarget;
			};
			name = Debug;
		};
		397757841EA3220B00383084 /* Release */ = {
			isa = XCBuildConfiguration;
			buildSettings = {
				DEVELOPMENT_TEAM = NVV3VGDMQW;
				INFOPLIST_FILE = MultipleTargetUITests/Info.plist;
				LD_RUNPATH_SEARCH_PATHS = "$(inherited) @executable_path/Frameworks @loader_path/Frameworks";
				PRODUCT_BUNDLE_IDENTIFIER = yf.MultipleTargetUITests;
				PRODUCT_NAME = "$(TARGET_NAME)";
				TEST_TARGET_NAME = MultipleTarget;
			};
			name = Release;
		};
		397757901EA3222400383084 /* Debug */ = {
			isa = XCBuildConfiguration;
			baseConfigurationReference = F3DDC78B7ECE42A136050F76 /* Pods-MultipleTarget copy.debug.xcconfig */;
			buildSettings = {
				ASSETCATALOG_COMPILER_APPICON_NAME = AppIcon;
				DEVELOPMENT_TEAM = NVV3VGDMQW;
				INFOPLIST_FILE = "MultipleTarget copy-Info.plist";
				LD_RUNPATH_SEARCH_PATHS = "$(inherited) @executable_path/Frameworks";
				PRODUCT_BUNDLE_IDENTIFIER = yf.MultipleTargetTwo;
				PRODUCT_NAME = "$(TARGET_NAME)";
			};
			name = Debug;
		};
		397757911EA3222400383084 /* Release */ = {
			isa = XCBuildConfiguration;
			baseConfigurationReference = 3834DE5380E95F29D13F44B9 /* Pods-MultipleTarget copy.release.xcconfig */;
			buildSettings = {
				ASSETCATALOG_COMPILER_APPICON_NAME = AppIcon;
				DEVELOPMENT_TEAM = NVV3VGDMQW;
				INFOPLIST_FILE = "MultipleTarget copy-Info.plist";
				LD_RUNPATH_SEARCH_PATHS = "$(inherited) @executable_path/Frameworks";
				PRODUCT_BUNDLE_IDENTIFIER = yf.MultipleTargetTwo;
				PRODUCT_NAME = "$(TARGET_NAME)";
			};
			name = Release;
		};
/* End XCBuildConfiguration section */

/* Begin XCConfigurationList section */
		3977574A1EA3220B00383084 /* Build configuration list for PBXProject "MultipleTarget" */ = {
			isa = XCConfigurationList;
			buildConfigurations = (
				3977577A1EA3220B00383084 /* Debug */,
				3977577B1EA3220B00383084 /* Release */,
			);
			defaultConfigurationIsVisible = 0;
			defaultConfigurationName = Release;
		};
		3977577C1EA3220B00383084 /* Build configuration list for PBXNativeTarget "MultipleTarget" */ = {
			isa = XCConfigurationList;
			buildConfigurations = (
				3977577D1EA3220B00383084 /* Debug */,
				3977577E1EA3220B00383084 /* Release */,
			);
			defaultConfigurationIsVisible = 0;
		};
		3977577F1EA3220B00383084 /* Build configuration list for PBXNativeTarget "MultipleTargetTests" */ = {
			isa = XCConfigurationList;
			buildConfigurations = (
				397757801EA3220B00383084 /* Debug */,
				397757811EA3220B00383084 /* Release */,
			);
			defaultConfigurationIsVisible = 0;
		};
		397757821EA3220B00383084 /* Build configuration list for PBXNativeTarget "MultipleTargetUITests" */ = {
			isa = XCConfigurationList;
			buildConfigurations = (
				397757831EA3220B00383084 /* Debug */,
				397757841EA3220B00383084 /* Release */,
			);
			defaultConfigurationIsVisible = 0;
		};
		3977578F1EA3222400383084 /* Build configuration list for PBXNativeTarget "MultipleTarget copy" */ = {
			isa = XCConfigurationList;
			buildConfigurations = (
				397757901EA3222400383084 /* Debug */,
				397757911EA3222400383084 /* Release */,
			);
			defaultConfigurationIsVisible = 0;
			defaultConfigurationName = Release;
		};
/* End XCConfigurationList section */
	};
	rootObject = 397757471EA3220B00383084 /* Project object */;
}
